{
  "version": "3",
  "remote": {
    "https://code.agentscript.org/src/AgentArray.js": "1f08d058facd13ed00a9ea3a8bb80f8a3cc23daaf1c97aa2520b580f4b76f8d1",
    "https://code.agentscript.org/src/AgentList.js": "202a8391bf0fa354ffa091c821fa3fe0dc71f0deec11922e9d20e2654a0a46ab",
    "https://code.agentscript.org/src/AgentSet.js": "c0a0b8c5f106e83eeb58d47479407d5989211958e079fed486d6b3eac61deb5b",
    "https://code.agentscript.org/src/BBoxDataSet.js": "23f379038eda7424bc51186d13a048b7d3e5b9627b2d73f5eb56dd75aea6d3de",
    "https://code.agentscript.org/src/DataSet.js": "ff879d8c2ccb56b8debe6738e62fb84efb20aee6d3937a6a7b4915281cb23570",
    "https://code.agentscript.org/src/GeoDataSet.js": "3c029e1c366d513eeb9cd9c5cd17ee99f2a3efe94a90d2ce023237ee84caa776",
    "https://code.agentscript.org/src/GeoWorld.js": "6b9da2e1137d34edc862872c1bd4750a400969b49ba43c6d54ba3c94a1c369a6",
    "https://code.agentscript.org/src/Link.js": "6e0790ab3a79814c51e65ffa20ca9a1b864b4ebcd9fe65a415a0307afe479ef0",
    "https://code.agentscript.org/src/Links.js": "47beea203514b1c54565eeed4985463da3774a22938632bc1ed6c20a1a2e98af",
    "https://code.agentscript.org/src/Model.js": "e0c8b9d76777fbdb81cc579b4039939e42e75652274236abe4cd3d49b5d58722",
    "https://code.agentscript.org/src/Model3D.js": "f549096a04785eeca0215275c9621d8bb624493bafe2065d95f89b91a97c01a7",
    "https://code.agentscript.org/src/Patch.js": "47e6e6f2242343f74d7dfde73ee470d7bc4531da33fcacd6306a006dfd78f889",
    "https://code.agentscript.org/src/Patches.js": "cf992ea156c49d9f9c54f8b3d628dc0677a71c41075d1de270d0cd84ec431998",
    "https://code.agentscript.org/src/RGBDataSet.js": "5f3cb3ad14b43ca47c9ed3f3f4084983e2f334e0cc46d544e259d8e874d5fa67",
    "https://code.agentscript.org/src/TileData.js": "d768c9db9fb0bb4673492cebc7c19ae502d50b27166ac76b4e1d2a2f73032bb9",
    "https://code.agentscript.org/src/Turtle.js": "05b1824a6b32ad2ab269fbc1bd9dbe3b26e44c69fc8ad30ec506e28e19220066",
    "https://code.agentscript.org/src/Turtle3D.js": "58697a0f60c43fb7cfb8c4b69dc10c059d0b3b93e953aa4a22b4bc71fb3a89c4",
    "https://code.agentscript.org/src/Turtles.js": "f3a995026660379b3baa0ae5a8c31fe071569c63376e21bf00c4ebc3a9051368",
    "https://code.agentscript.org/src/World.js": "f7988ba3b0fd66558cdb680a9cc92eddcf56790c79e086ff94313112c092a9db",
    "https://code.agentscript.org/src/geojson.js": "2779d63b0f7055223be68b3021c7b4b5fa3a6ba2083f3fe8ea39b8008d2c03bc",
    "https://code.agentscript.org/src/gis.js": "93e102a8f3d8e515b932c414985521b576a8928fa0bab59fbe27f3f40576bf33",
    "https://code.agentscript.org/src/utils.js": "7f2b341e5b68898177324a9b12e79b8aad550833f1be8ea7c711015ec53fd018",
    "https://code.agentscript.org/vendor/Object3D.js": "cc4da466368e4ac8223d6665a6ca7ffb44ecd5643a3995c5469d519acac1774c",
    "https://code.agentscript.org/vendor/turfImports.js": "43163f6f3e89b62b46d9489ea03b890a85ece5126bf19bc019c49a3672d65b2e",
    "https://deno.land/std@0.157.0/_util/assert.ts": "e94f2eb37cebd7f199952e242c77654e43333c1ac4c5c700e929ea3aa5489f74",
    "https://deno.land/std@0.157.0/_util/os.ts": "8a33345f74990e627b9dfe2de9b040004b08ea5146c7c9e8fe9a29070d193934",
    "https://deno.land/std@0.157.0/encoding/hex.ts": "4cc5324417cbb4ac9b828453d35aed45b9cc29506fad658f1f138d981ae33795",
    "https://deno.land/std@0.157.0/fmt/colors.ts": "ff7dc9c9f33a72bd48bc24b21bbc1b4545d8494a431f17894dbc5fe92a938fc4",
    "https://deno.land/std@0.157.0/fs/_util.ts": "fdc156f897197f261a1c096dcf8ff9267ed0ff42bd5b31f55053a4763a4bae3b",
    "https://deno.land/std@0.157.0/fs/copy.ts": "73bdf24f4322648d9bc38ef983b818637ba368351d17aa03644209d3ce3eac31",
    "https://deno.land/std@0.157.0/fs/empty_dir.ts": "c15a0aaaf40f8c21cca902aa1e01a789ad0c2fd1b7e2eecf4957053c5dbf707f",
    "https://deno.land/std@0.157.0/fs/ensure_dir.ts": "76395fc1c989ca8d2de3aedfa8240eb8f5225cde20f926de957995b063135b80",
    "https://deno.land/std@0.157.0/fs/ensure_file.ts": "b8e32ea63aa21221d0219760ba3f741f682d7f7d68d0d24a3ec067c338568152",
    "https://deno.land/std@0.157.0/fs/ensure_link.ts": "5cc1c04f18487d7d1edf4c5469705f30b61390ffd24ad7db6df85e7209b32bb2",
    "https://deno.land/std@0.157.0/fs/ensure_symlink.ts": "5273557b8c50be69477aa9cb003b54ff2240a336db52a40851c97abce76b96ab",
    "https://deno.land/std@0.157.0/fs/eol.ts": "b92f0b88036de507e7e6fbedbe8f666835ea9dcbf5ac85917fa1fadc919f83a5",
    "https://deno.land/std@0.157.0/fs/exists.ts": "3661a679d9018338df5df7cd9fc7cd918f5e447e7304a5391f849a893ce24107",
    "https://deno.land/std@0.157.0/fs/expand_glob.ts": "333a8b9b0726b6909e5af30fb99c68e5b0e734d37af8cbc2ad1f062f26ca4d50",
    "https://deno.land/std@0.157.0/fs/mod.ts": "354a6f972ef4e00c4dd1f1339a8828ef0764c1c23d3c0010af3fcc025d8655b0",
    "https://deno.land/std@0.157.0/fs/move.ts": "6d7fa9da60dbc7a32dd7fdbc2ff812b745861213c8e92ba96dace0669b0c378c",
    "https://deno.land/std@0.157.0/fs/walk.ts": "d6c73a2a2fb5fde60150ce27cff3fff420e72e5bb84131b4919c9a41d74712ce",
    "https://deno.land/std@0.157.0/path/_constants.ts": "df1db3ffa6dd6d1252cc9617e5d72165cd2483df90e93833e13580687b6083c3",
    "https://deno.land/std@0.157.0/path/_interface.ts": "ee3b431a336b80cf445441109d089b70d87d5e248f4f90ff906820889ecf8d09",
    "https://deno.land/std@0.157.0/path/_util.ts": "d16be2a16e1204b65f9d0dfc54a9bc472cafe5f4a190b3c8471ec2016ccd1677",
    "https://deno.land/std@0.157.0/path/common.ts": "bee563630abd2d97f99d83c96c2fa0cca7cee103e8cb4e7699ec4d5db7bd2633",
    "https://deno.land/std@0.157.0/path/glob.ts": "cb5255638de1048973c3e69e420c77dc04f75755524cb3b2e160fe9277d939ee",
    "https://deno.land/std@0.157.0/path/mod.ts": "56fec03ad0ebd61b6ab39ddb9b0ddb4c4a5c9f2f4f632e09dd37ec9ebfd722ac",
    "https://deno.land/std@0.157.0/path/posix.ts": "c1f7afe274290ea0b51da07ee205653b2964bd74909a82deb07b69a6cc383aaa",
    "https://deno.land/std@0.157.0/path/separator.ts": "fe1816cb765a8068afb3e8f13ad272351c85cbc739af56dacfc7d93d710fe0f9",
    "https://deno.land/std@0.157.0/path/win32.ts": "bd7549042e37879c68ff2f8576a25950abbfca1d696d41d82c7bca0b7e6f452c",
    "https://deno.land/std@0.159.0/_util/assert.ts": "e94f2eb37cebd7f199952e242c77654e43333c1ac4c5c700e929ea3aa5489f74",
    "https://deno.land/std@0.159.0/_util/os.ts": "8a33345f74990e627b9dfe2de9b040004b08ea5146c7c9e8fe9a29070d193934",
    "https://deno.land/std@0.159.0/fs/_util.ts": "fdc156f897197f261a1c096dcf8ff9267ed0ff42bd5b31f55053a4763a4bae3b",
    "https://deno.land/std@0.159.0/fs/copy.ts": "73bdf24f4322648d9bc38ef983b818637ba368351d17aa03644209d3ce3eac31",
    "https://deno.land/std@0.159.0/fs/empty_dir.ts": "c15a0aaaf40f8c21cca902aa1e01a789ad0c2fd1b7e2eecf4957053c5dbf707f",
    "https://deno.land/std@0.159.0/fs/ensure_dir.ts": "76395fc1c989ca8d2de3aedfa8240eb8f5225cde20f926de957995b063135b80",
    "https://deno.land/std@0.159.0/fs/ensure_file.ts": "b8e32ea63aa21221d0219760ba3f741f682d7f7d68d0d24a3ec067c338568152",
    "https://deno.land/std@0.159.0/fs/ensure_link.ts": "5cc1c04f18487d7d1edf4c5469705f30b61390ffd24ad7db6df85e7209b32bb2",
    "https://deno.land/std@0.159.0/fs/ensure_symlink.ts": "5273557b8c50be69477aa9cb003b54ff2240a336db52a40851c97abce76b96ab",
    "https://deno.land/std@0.159.0/fs/eol.ts": "b92f0b88036de507e7e6fbedbe8f666835ea9dcbf5ac85917fa1fadc919f83a5",
    "https://deno.land/std@0.159.0/fs/exists.ts": "6a447912e49eb79cc640adacfbf4b0baf8e17ede6d5bed057062ce33c4fa0d68",
    "https://deno.land/std@0.159.0/fs/expand_glob.ts": "333a8b9b0726b6909e5af30fb99c68e5b0e734d37af8cbc2ad1f062f26ca4d50",
    "https://deno.land/std@0.159.0/fs/mod.ts": "354a6f972ef4e00c4dd1f1339a8828ef0764c1c23d3c0010af3fcc025d8655b0",
    "https://deno.land/std@0.159.0/fs/move.ts": "6d7fa9da60dbc7a32dd7fdbc2ff812b745861213c8e92ba96dace0669b0c378c",
    "https://deno.land/std@0.159.0/fs/walk.ts": "d6c73a2a2fb5fde60150ce27cff3fff420e72e5bb84131b4919c9a41d74712ce",
    "https://deno.land/std@0.159.0/path/_constants.ts": "df1db3ffa6dd6d1252cc9617e5d72165cd2483df90e93833e13580687b6083c3",
    "https://deno.land/std@0.159.0/path/_interface.ts": "ee3b431a336b80cf445441109d089b70d87d5e248f4f90ff906820889ecf8d09",
    "https://deno.land/std@0.159.0/path/_util.ts": "d16be2a16e1204b65f9d0dfc54a9bc472cafe5f4a190b3c8471ec2016ccd1677",
    "https://deno.land/std@0.159.0/path/common.ts": "bee563630abd2d97f99d83c96c2fa0cca7cee103e8cb4e7699ec4d5db7bd2633",
    "https://deno.land/std@0.159.0/path/glob.ts": "cb5255638de1048973c3e69e420c77dc04f75755524cb3b2e160fe9277d939ee",
    "https://deno.land/std@0.159.0/path/mod.ts": "56fec03ad0ebd61b6ab39ddb9b0ddb4c4a5c9f2f4f632e09dd37ec9ebfd722ac",
    "https://deno.land/std@0.159.0/path/posix.ts": "c1f7afe274290ea0b51da07ee205653b2964bd74909a82deb07b69a6cc383aaa",
    "https://deno.land/std@0.159.0/path/separator.ts": "fe1816cb765a8068afb3e8f13ad272351c85cbc739af56dacfc7d93d710fe0f9",
    "https://deno.land/std@0.159.0/path/win32.ts": "bd7549042e37879c68ff2f8576a25950abbfca1d696d41d82c7bca0b7e6f452c",
    "https://deno.land/std@0.92.0/fmt/colors.ts": "db22b314a2ae9430ae7460ce005e0a7130e23ae1c999157e3bb77cf55800f7e4",
    "https://deno.land/std@0.92.0/testing/_diff.ts": "961eaf6d9f5b0a8556c9d835bbc6fa74f5addd7d3b02728ba7936ff93364f7a3",
    "https://deno.land/std@0.92.0/testing/asserts.ts": "83889f9a37bdab16cb68b023a15f9172ceb644f62c0e727c72d4870a666e53d6",
    "https://deno.land/x/plug@1.0.0-rc.3/deps.ts": "ea73ca429e71624fdae0fe9393fe5056b9404d058ef45688eda4150112cf85d3",
    "https://deno.land/x/plug@1.0.0-rc.3/download.ts": "81d1aef0595e018514f1d70a5c52b0267d81685e2dccb5459f8427b29f3f3736",
    "https://deno.land/x/plug@1.0.0-rc.3/mod.ts": "6db7edf982efedf8c9e1002754fbb109c22201fd8fb89ba715fe70171b5e821c",
    "https://deno.land/x/plug@1.0.0-rc.3/types.ts": "d8eb738fc6ed883e6abf77093442c2f0b71af9090f15c7613621d4039e410ee1",
    "https://deno.land/x/plug@1.0.0-rc.3/util.ts": "e53018a487292d11036efeae9da81eb82ef47f9e53d0ba83f545b0220350155a",
    "https://deno.land/x/skia_canvas@0.5.4/deno.json": "ac769aa50ba8a157a906b748b3aaabf595b3814f3ff269eeddf47dbbac99f98b",
    "https://deno.land/x/skia_canvas@0.5.4/deps.ts": "34e46a90f0477bc96e22a771c335d4fadeb80bf220f25864d52bfa763f86b68b",
    "https://deno.land/x/skia_canvas@0.5.4/mod.ts": "62b65707c46334f15f94647be6280c818d90d9976ef8ca70eb607954b9539e5e",
    "https://deno.land/x/skia_canvas@0.5.4/src/canvas.ts": "be5686ed5aea402f773278716c15fb95c5ea68a0c4d6e7de2d8e2fbdd8706e66",
    "https://deno.land/x/skia_canvas@0.5.4/src/context2d.ts": "0c760904da932bca02aebdf821d579104ae4626ad1ccf6ac98bbab394f9bd391",
    "https://deno.land/x/skia_canvas@0.5.4/src/dommatrix.ts": "1f09349bceb483deb2dffa514c8a940a7cd7d61a6a6d0269a3f9837ce5cbe7d6",
    "https://deno.land/x/skia_canvas@0.5.4/src/ffi.ts": "bc17171419339a48a9d1d68078d4943e5a99ac8bcdc5dce5f0229b4d447f3d18",
    "https://deno.land/x/skia_canvas@0.5.4/src/filter.ts": "e4cf8a7a76eb60325e623bba09e500c51d465e9c8b44a86e6f6e469c8358644d",
    "https://deno.land/x/skia_canvas@0.5.4/src/font.ts": "26fc6b01549639a6382b64d13834c3f25ad4a52796adf4edab766b9409683e1a",
    "https://deno.land/x/skia_canvas@0.5.4/src/gradient.ts": "f6676d8d896c5707041a30e1d5bfde1e74b7ddb28b396d2965f96f4e52f0ab18",
    "https://deno.land/x/skia_canvas@0.5.4/src/image.ts": "d3de72de329979e40679e07711508488cd5cb93f1166575e550d53fb654bcf85",
    "https://deno.land/x/skia_canvas@0.5.4/src/parse_font.ts": "1f0fda5e18237d7cc594f5605b2d4dbf4f275134a3b75b738e1327c1e6aabc57",
    "https://deno.land/x/skia_canvas@0.5.4/src/path2d.ts": "3ed530a8e54123ef7839d0ae265098f76e97710c903b8ad02698a2086cf6432d",
    "https://deno.land/x/skia_canvas@0.5.4/src/pattern.ts": "3480d86043492687dabcd25f082648bc1a67b50c49a7d953b8eadd91c39df642",
    "https://deno.land/x/skia_canvas@0.5.4/src/pdfdocument.ts": "a7b4ccd63f2233a527b32a1e1084f3a417b6717a00d8f9b367ea69618986fbb0",
    "https://deno.land/x/skia_canvas@0.5.4/src/svgcanvas.ts": "c7eee05b8e4f66636c2ee1361096cf3241a7e7895ba0086eeea448fa67438147"
  },
  "workspace": {
    "packageJson": {
      "dependencies": [
        "npm:@redfish/leafletelementoverlay@^1.2.2",
        "npm:@rollup/plugin-node-resolve@^15.0.1",
        "npm:@rollup/plugin-terser@^0.1.0",
        "npm:@turf/turf@^6.5.0",
        "npm:clean-jsdoc-theme@v4.2.18",
        "npm:esm@^3.2.25",
        "npm:http-server@^14.1.1",
        "npm:jsdoc@4.0.2",
        "npm:live-server@^1.2.2",
        "npm:npm-run-all@^4.1.5",
        "npm:rollup-plugin-cleanup@^3.2.1",
        "npm:rollup@^3.2.5",
        "npm:shx@^0.3.4",
        "npm:three@^0.120.0",
        "npm:uplot@^1.6.25"
      ]
    }
  }
}
